
Microsoft Visual Studio Solution File, Format Version 12.00
# Visual Studio Version 17
VisualStudioVersion = 17.7.34031.279
MinimumVisualStudioVersion = 10.0.40219.1
Project("{FAE04EC0-301F-11D3-BF4B-00C04F79EFBC}") = "ReproduceMapsuiIssueWithNoInternet", "ReproduceMapsuiIssueWithNoInternet\ReproduceMapsuiIssueWithNoInternet.csproj", "{104EFF07-3FC2-411A-B908-D72D983C255F}"
EndProject
Global
	GlobalSection(SolutionConfigurationPlatforms) = preSolution
		Debug|Any CPU = Debug|Any CPU
		Release|Any CPU = Release|Any CPU
	EndGlobalSection
	GlobalSection(ProjectConfigurationPlatforms) = postSolution
		{104EFF07-3FC2-411A-B908-D72D983C255F}.Debug|Any CPU.ActiveCfg = Debug|Any CPU
		{104EFF07-3FC2-411A-B908-D72D983C255F}.Debug|Any CPU.Build.0 = Debug|Any CPU
		{104EFF07-3FC2-411A-B908-D72D983C255F}.Release|Any CPU.ActiveCfg = Release|Any CPU
		{104EFF07-3FC2-411A-B908-D72D983C255F}.Release|Any CPU.Build.0 = Release|Any CPU
	EndGlobalSection
	GlobalSection(SolutionProperties) = preSolution
		HideSolutionNode = FALSE
	EndGlobalSection
	GlobalSection(ExtensibilityGlobals) = postSolution
		SolutionGuid = {A9C74FEF-DE48-494D-96AC-56FDCDE7AF4F}
	EndGlobalSection
EndGlobal
